
Microsoft Visual Studio Solution File, Format Version 12.00
# Visual Studio Version 16
VisualStudioVersion = 16.0.29911.84
MinimumVisualStudioVersion = 10.0.40219.1
Project("{2150E333-8FDC-42A3-9474-1A3956D46DE8}") = "01_apresentacao", "01_apresentacao", "{14CB17C0-4468-4673-BB9B-85E077DECB60}"
EndProject
Project("{2150E333-8FDC-42A3-9474-1A3956D46DE8}") = "02_negocio", "02_negocio", "{B96D5295-BB08-48C5-91DB-ECE7ADFF9CAA}"
EndProject
Project("{2150E333-8FDC-42A3-9474-1A3956D46DE8}") = "04_persistencia", "04_persistencia", "{A18B9CF7-B07C-4313-9625-98295B584039}"
EndProject
Project("{2150E333-8FDC-42A3-9474-1A3956D46DE8}") = "03_entidades", "03_entidades", "{9FD85540-8333-427F-BB58-2791953A7703}"
EndProject
Project("{9A19103F-16F7-4668-BE54-9A1E7A4F7556}") = "Entidades", "Entidades\Entidades.csproj", "{384438EB-B989-4457-8E90-01D9D889CB9B}"
EndProject
Project("{9A19103F-16F7-4668-BE54-9A1E7A4F7556}") = "Persistencia", "Persistencia\Persistencia.csproj", "{DDC95C2D-98B7-4100-91FA-BD6806C60F47}"
EndProject
Project("{9A19103F-16F7-4668-BE54-9A1E7A4F7556}") = "Negocio", "Negocio\Negocio.csproj", "{524CBB7D-7074-4F54-A224-A16D590AEE7E}"
EndProject
Global
	GlobalSection(SolutionConfigurationPlatforms) = preSolution
		Debug|Any CPU = Debug|Any CPU
		Release|Any CPU = Release|Any CPU
	EndGlobalSection
	GlobalSection(ProjectConfigurationPlatforms) = postSolution
		{384438EB-B989-4457-8E90-01D9D889CB9B}.Debug|Any CPU.ActiveCfg = Debug|Any CPU
		{384438EB-B989-4457-8E90-01D9D889CB9B}.Debug|Any CPU.Build.0 = Debug|Any CPU
		{384438EB-B989-4457-8E90-01D9D889CB9B}.Release|Any CPU.ActiveCfg = Release|Any CPU
		{384438EB-B989-4457-8E90-01D9D889CB9B}.Release|Any CPU.Build.0 = Release|Any CPU
		{DDC95C2D-98B7-4100-91FA-BD6806C60F47}.Debug|Any CPU.ActiveCfg = Debug|Any CPU
		{DDC95C2D-98B7-4100-91FA-BD6806C60F47}.Debug|Any CPU.Build.0 = Debug|Any CPU
		{DDC95C2D-98B7-4100-91FA-BD6806C60F47}.Release|Any CPU.ActiveCfg = Release|Any CPU
		{DDC95C2D-98B7-4100-91FA-BD6806C60F47}.Release|Any CPU.Build.0 = Release|Any CPU
		{524CBB7D-7074-4F54-A224-A16D590AEE7E}.Debug|Any CPU.ActiveCfg = Debug|Any CPU
		{524CBB7D-7074-4F54-A224-A16D590AEE7E}.Debug|Any CPU.Build.0 = Debug|Any CPU
		{524CBB7D-7074-4F54-A224-A16D590AEE7E}.Release|Any CPU.ActiveCfg = Release|Any CPU
		{524CBB7D-7074-4F54-A224-A16D590AEE7E}.Release|Any CPU.Build.0 = Release|Any CPU
	EndGlobalSection
	GlobalSection(SolutionProperties) = preSolution
		HideSolutionNode = FALSE
	EndGlobalSection
	GlobalSection(NestedProjects) = preSolution
		{384438EB-B989-4457-8E90-01D9D889CB9B} = {9FD85540-8333-427F-BB58-2791953A7703}
		{DDC95C2D-98B7-4100-91FA-BD6806C60F47} = {A18B9CF7-B07C-4313-9625-98295B584039}
		{524CBB7D-7074-4F54-A224-A16D590AEE7E} = {B96D5295-BB08-48C5-91DB-ECE7ADFF9CAA}
	EndGlobalSection
	GlobalSection(ExtensibilityGlobals) = postSolution
		SolutionGuid = {86E15B0F-D9A1-42B6-B8E9-081FE3DB9340}
	EndGlobalSection
EndGlobal
